// !$*UTF8*$!
{
	archiveVersion = 1;
	classes = {
	};
	objectVersion = 48;
	objects = {

/* Begin PBXBuildFile section */
		9514DDAD1FA1B858000DAE15 /* EVOCameraHeaderView.swift in Sources */ = {isa = PBXBuildFile; fileRef = 9514DDAC1FA1B858000DAE15 /* EVOCameraHeaderView.swift */; };
		9514DDAF1FA1BD44000DAE15 /* EVOCameraFooterView.swift in Sources */ = {isa = PBXBuildFile; fileRef = 9514DDAE1FA1BD44000DAE15 /* EVOCameraFooterView.swift */; };
		9514DDB71FA20343000DAE15 /* EVOCameraOverlaysStyle.swift in Sources */ = {isa = PBXBuildFile; fileRef = 9514DDB61FA20343000DAE15 /* EVOCameraOverlaysStyle.swift */; };
		95230E611FAB502F00DE3A98 /* EVOCroperViewController.swift in Sources */ = {isa = PBXBuildFile; fileRef = 95230E601FAB502F00DE3A98 /* EVOCroperViewController.swift */; };
		95230E651FAB516300DE3A98 /* EVOCroperRectView.swift in Sources */ = {isa = PBXBuildFile; fileRef = 95230E641FAB516300DE3A98 /* EVOCroperRectView.swift */; };
		95BA2D7D1F9F7BBE00F8BDBE /* EVOCameraViewController.swift in Sources */ = {isa = PBXBuildFile; fileRef = 95BA2D7C1F9F7BBE00F8BDBE /* EVOCameraViewController.swift */; };
		95BA2D7F1FA0B85500F8BDBE /* EVOCameraFocusView.swift in Sources */ = {isa = PBXBuildFile; fileRef = 95BA2D7E1FA0B85500F8BDBE /* EVOCameraFocusView.swift */; };
		C46ACA391F9E677000F68451 /* EVOGalleryCollectionViewCell.swift in Sources */ = {isa = PBXBuildFile; fileRef = C46ACA361F9E677000F68451 /* EVOGalleryCollectionViewCell.swift */; };
		C46ACA3A1F9E677000F68451 /* EVOGalleryFlowLayout.swift in Sources */ = {isa = PBXBuildFile; fileRef = C46ACA371F9E677000F68451 /* EVOGalleryFlowLayout.swift */; };
		C46ACA3B1F9E677000F68451 /* EVOGalleryViewController.swift in Sources */ = {isa = PBXBuildFile; fileRef = C46ACA381F9E677000F68451 /* EVOGalleryViewController.swift */; };
		C46ACA3D1F9E6BCB00F68451 /* EVOGalleryImageScrollView.swift in Sources */ = {isa = PBXBuildFile; fileRef = C46ACA3C1F9E6BCB00F68451 /* EVOGalleryImageScrollView.swift */; };
		C46ACA3F1F9E7A1100F68451 /* DemoGalleryCollectionViewController.swift in Sources */ = {isa = PBXBuildFile; fileRef = C46ACA3E1F9E7A1100F68451 /* DemoGalleryCollectionViewController.swift */; };
		C4D7000D1F9B620700EB06DA /* FooterView.swift in Sources */ = {isa = PBXBuildFile; fileRef = C4D7FFFF1F9B620700EB06DA /* FooterView.swift */; };
		C4D7000F1F9B620700EB06DA /* HeaderView.swift in Sources */ = {isa = PBXBuildFile; fileRef = C4D700011F9B620700EB06DA /* HeaderView.swift */; };
		C4D7001B1F9B788100EB06DA /* TestCollectionViewCell.swift in Sources */ = {isa = PBXBuildFile; fileRef = C4D7001A1F9B788100EB06DA /* TestCollectionViewCell.swift */; };
		C4D7FFD81F9B609D00EB06DA /* AppDelegate.swift in Sources */ = {isa = PBXBuildFile; fileRef = C4D7FFD71F9B609D00EB06DA /* AppDelegate.swift */; };
		C4D7FFDA1F9B609D00EB06DA /* ViewController.swift in Sources */ = {isa = PBXBuildFile; fileRef = C4D7FFD91F9B609D00EB06DA /* ViewController.swift */; };
		C4D7FFDD1F9B609D00EB06DA /* Main.storyboard in Resources */ = {isa = PBXBuildFile; fileRef = C4D7FFDB1F9B609D00EB06DA /* Main.storyboard */; };
		C4D7FFDF1F9B609D00EB06DA /* Assets.xcassets in Resources */ = {isa = PBXBuildFile; fileRef = C4D7FFDE1F9B609D00EB06DA /* Assets.xcassets */; };
		C4D7FFE21F9B609D00EB06DA /* LaunchScreen.storyboard in Resources */ = {isa = PBXBuildFile; fileRef = C4D7FFE01F9B609D00EB06DA /* LaunchScreen.storyboard */; };
		C4D7FFF91F9B61B400EB06DA /* ImageLoaderDTO.swift in Sources */ = {isa = PBXBuildFile; fileRef = C4D7FFF31F9B61B400EB06DA /* ImageLoaderDTO.swift */; };
		C4D7FFFA1F9B61B400EB06DA /* ImageLoaderCollectionViewCell.swift in Sources */ = {isa = PBXBuildFile; fileRef = C4D7FFF41F9B61B400EB06DA /* ImageLoaderCollectionViewCell.swift */; };
		C4D7FFFC1F9B61B400EB06DA /* AddAttachmentCollectionViewCell.swift in Sources */ = {isa = PBXBuildFile; fileRef = C4D7FFF61F9B61B400EB06DA /* AddAttachmentCollectionViewCell.swift */; };
		C4D7FFFD1F9B61B400EB06DA /* ImageLoaderCollectionView.swift in Sources */ = {isa = PBXBuildFile; fileRef = C4D7FFF71F9B61B400EB06DA /* ImageLoaderCollectionView.swift */; };
		C4D7FFFE1F9B61B400EB06DA /* AttachmentCollectionViewCell.swift in Sources */ = {isa = PBXBuildFile; fileRef = C4D7FFF81F9B61B400EB06DA /* AttachmentCollectionViewCell.swift */; };
/* End PBXBuildFile section */

/* Begin PBXFileReference section */
		9514DDAC1FA1B858000DAE15 /* EVOCameraHeaderView.swift */ = {isa = PBXFileReference; lastKnownFileType = sourcecode.swift; path = EVOCameraHeaderView.swift; sourceTree = "<group>"; };
		9514DDAE1FA1BD44000DAE15 /* EVOCameraFooterView.swift */ = {isa = PBXFileReference; lastKnownFileType = sourcecode.swift; path = EVOCameraFooterView.swift; sourceTree = "<group>"; };
		9514DDB61FA20343000DAE15 /* EVOCameraOverlaysStyle.swift */ = {isa = PBXFileReference; lastKnownFileType = sourcecode.swift; path = EVOCameraOverlaysStyle.swift; sourceTree = "<group>"; };
		95230E601FAB502F00DE3A98 /* EVOCroperViewController.swift */ = {isa = PBXFileReference; fileEncoding = 4; lastKnownFileType = sourcecode.swift; path = EVOCroperViewController.swift; sourceTree = "<group>"; };
		95230E641FAB516300DE3A98 /* EVOCroperRectView.swift */ = {isa = PBXFileReference; lastKnownFileType = sourcecode.swift; path = EVOCroperRectView.swift; sourceTree = "<group>"; };
		95BA2D7C1F9F7BBE00F8BDBE /* EVOCameraViewController.swift */ = {isa = PBXFileReference; lastKnownFileType = sourcecode.swift; path = EVOCameraViewController.swift; sourceTree = "<group>"; };
		95BA2D7E1FA0B85500F8BDBE /* EVOCameraFocusView.swift */ = {isa = PBXFileReference; lastKnownFileType = sourcecode.swift; path = EVOCameraFocusView.swift; sourceTree = "<group>"; };
		C46ACA361F9E677000F68451 /* EVOGalleryCollectionViewCell.swift */ = {isa = PBXFileReference; fileEncoding = 4; lastKnownFileType = sourcecode.swift; path = EVOGalleryCollectionViewCell.swift; sourceTree = "<group>"; };
		C46ACA371F9E677000F68451 /* EVOGalleryFlowLayout.swift */ = {isa = PBXFileReference; fileEncoding = 4; lastKnownFileType = sourcecode.swift; path = EVOGalleryFlowLayout.swift; sourceTree = "<group>"; };
		C46ACA381F9E677000F68451 /* EVOGalleryViewController.swift */ = {isa = PBXFileReference; fileEncoding = 4; lastKnownFileType = sourcecode.swift; path = EVOGalleryViewController.swift; sourceTree = "<group>"; };
		C46ACA3C1F9E6BCB00F68451 /* EVOGalleryImageScrollView.swift */ = {isa = PBXFileReference; fileEncoding = 4; lastKnownFileType = sourcecode.swift; path = EVOGalleryImageScrollView.swift; sourceTree = "<group>"; };
		C46ACA3E1F9E7A1100F68451 /* DemoGalleryCollectionViewController.swift */ = {isa = PBXFileReference; lastKnownFileType = sourcecode.swift; path = DemoGalleryCollectionViewController.swift; sourceTree = "<group>"; };
		C4D700011F9B620700EB06DA /* HeaderView.swift */ = {isa = PBXFileReference; fileEncoding = 4; lastKnownFileType = sourcecode.swift; path = HeaderView.swift; sourceTree = "<group>"; };
		C4D7001A1F9B788100EB06DA /* TestCollectionViewCell.swift */ = {isa = PBXFileReference; lastKnownFileType = sourcecode.swift; path = TestCollectionViewCell.swift; sourceTree = "<group>"; };
		C4D7FFD41F9B609D00EB06DA /* EVOGallery.app */ = {isa = PBXFileReference; explicitFileType = wrapper.application; includeInIndex = 0; path = EVOGallery.app; sourceTree = BUILT_PRODUCTS_DIR; };
		C4D7FFD71F9B609D00EB06DA /* AppDelegate.swift */ = {isa = PBXFileReference; lastKnownFileType = sourcecode.swift; path = AppDelegate.swift; sourceTree = "<group>"; };
		C4D7FFD91F9B609D00EB06DA /* ViewController.swift */ = {isa = PBXFileReference; lastKnownFileType = sourcecode.swift; path = ViewController.swift; sourceTree = "<group>"; };
		C4D7FFDC1F9B609D00EB06DA /* Base */ = {isa = PBXFileReference; lastKnownFileType = file.storyboard; name = Base; path = Base.lproj/Main.storyboard; sourceTree = "<group>"; };
		C4D7FFDE1F9B609D00EB06DA /* Assets.xcassets */ = {isa = PBXFileReference; lastKnownFileType = folder.assetcatalog; path = Assets.xcassets; sourceTree = "<group>"; };
		C4D7FFE11F9B609D00EB06DA /* Base */ = {isa = PBXFileReference; lastKnownFileType = file.storyboard; name = Base; path = Base.lproj/LaunchScreen.storyboard; sourceTree = "<group>"; };
		C4D7FFE31F9B609D00EB06DA /* Info.plist */ = {isa = PBXFileReference; lastKnownFileType = text.plist.xml; path = Info.plist; sourceTree = "<group>"; };
		C4D7FFF31F9B61B400EB06DA /* ImageLoaderDTO.swift */ = {isa = PBXFileReference; fileEncoding = 4; lastKnownFileType = sourcecode.swift; path = ImageLoaderDTO.swift; sourceTree = "<group>"; };
		C4D7FFF41F9B61B400EB06DA /* ImageLoaderCollectionViewCell.swift */ = {isa = PBXFileReference; fileEncoding = 4; lastKnownFileType = sourcecode.swift; path = ImageLoaderCollectionViewCell.swift; sourceTree = "<group>"; };
		C4D7FFF61F9B61B400EB06DA /* AddAttachmentCollectionViewCell.swift */ = {isa = PBXFileReference; fileEncoding = 4; lastKnownFileType = sourcecode.swift; path = AddAttachmentCollectionViewCell.swift; sourceTree = "<group>"; };
		C4D7FFF71F9B61B400EB06DA /* ImageLoaderCollectionView.swift */ = {isa = PBXFileReference; fileEncoding = 4; lastKnownFileType = sourcecode.swift; path = ImageLoaderCollectionView.swift; sourceTree = "<group>"; };
		C4D7FFF81F9B61B400EB06DA /* AttachmentCollectionViewCell.swift */ = {isa = PBXFileReference; fileEncoding = 4; lastKnownFileType = sourcecode.swift; path = AttachmentCollectionViewCell.swift; sourceTree = "<group>"; };
		C4D7FFFF1F9B620700EB06DA /* FooterView.swift */ = {isa = PBXFileReference; fileEncoding = 4; lastKnownFileType = sourcecode.swift; path = FooterView.swift; sourceTree = "<group>"; };
/* End PBXFileReference section */

/* Begin PBXFrameworksBuildPhase section */
		C4D7FFD11F9B609D00EB06DA /* Frameworks */ = {
			isa = PBXFrameworksBuildPhase;
			buildActionMask = 2147483647;
			files = (
			);
			runOnlyForDeploymentPostprocessing = 0;
		};
/* End PBXFrameworksBuildPhase section */

/* Begin PBXGroup section */
		95230E5F1FAB502F00DE3A98 /* Cropper */ = {
			isa = PBXGroup;
			children = (
				95230E601FAB502F00DE3A98 /* EVOCroperViewController.swift */,
				95230E641FAB516300DE3A98 /* EVOCroperRectView.swift */,
			);
			path = Cropper;
			sourceTree = "<group>";
		};
		95BA2D7B1F9F7BA800F8BDBE /* Camera */ = {
			isa = PBXGroup;
			children = (
				95BA2D7C1F9F7BBE00F8BDBE /* EVOCameraViewController.swift */,
				95BA2D7E1FA0B85500F8BDBE /* EVOCameraFocusView.swift */,
				9514DDAC1FA1B858000DAE15 /* EVOCameraHeaderView.swift */,
				9514DDAE1FA1BD44000DAE15 /* EVOCameraFooterView.swift */,
				9514DDB61FA20343000DAE15 /* EVOCameraOverlaysStyle.swift */,
			);
			path = Camera;
			sourceTree = "<group>";
		};
		C4D7FFCB1F9B609D00EB06DA = {
			isa = PBXGroup;
			children = (
				C4D7FFD61F9B609D00EB06DA /* EVOGallery */,
				C4D7FFD51F9B609D00EB06DA /* Products */,
			);
			sourceTree = "<group>";
		};
		C4D7FFD51F9B609D00EB06DA /* Products */ = {
			isa = PBXGroup;
			children = (
				C4D7FFD41F9B609D00EB06DA /* EVOGallery.app */,
			);
			name = Products;
			sourceTree = "<group>";
		};
		C4D7FFD61F9B609D00EB06DA /* EVOGallery */ = {
			isa = PBXGroup;
			children = (
				C4D7FFEF1F9B618F00EB06DA /* EVOGallery */,
				C4D7FFD71F9B609D00EB06DA /* AppDelegate.swift */,
				C4D7FFFF1F9B620700EB06DA /* FooterView.swift */,
				C4D700011F9B620700EB06DA /* HeaderView.swift */,
				C4D7FFD91F9B609D00EB06DA /* ViewController.swift */,
				C4D7FFDB1F9B609D00EB06DA /* Main.storyboard */,
				C4D7FFDE1F9B609D00EB06DA /* Assets.xcassets */,
				C4D7FFE01F9B609D00EB06DA /* LaunchScreen.storyboard */,
				C4D7FFE31F9B609D00EB06DA /* Info.plist */,
				C4D7001A1F9B788100EB06DA /* TestCollectionViewCell.swift */,
				C46ACA3E1F9E7A1100F68451 /* DemoGalleryCollectionViewController.swift */,
			);
			path = EVOGallery;
			sourceTree = "<group>";
		};
		C4D7FFEF1F9B618F00EB06DA /* EVOGallery */ = {
			isa = PBXGroup;
			children = (
				95230E5F1FAB502F00DE3A98 /* Cropper */,
				95BA2D7B1F9F7BA800F8BDBE /* Camera */,
				C4D7FFF01F9B618F00EB06DA /* CollectionView */,
				C4D7FFF21F9B618F00EB06DA /* Gallery */,
			);
			path = EVOGallery;
			sourceTree = "<group>";
		};
		C4D7FFF01F9B618F00EB06DA /* CollectionView */ = {
			isa = PBXGroup;
			children = (
				C4D7FFF61F9B61B400EB06DA /* AddAttachmentCollectionViewCell.swift */,
				C4D7FFF81F9B61B400EB06DA /* AttachmentCollectionViewCell.swift */,
				C4D7FFF71F9B61B400EB06DA /* ImageLoaderCollectionView.swift */,
				C4D7FFF41F9B61B400EB06DA /* ImageLoaderCollectionViewCell.swift */,
				C4D7FFF31F9B61B400EB06DA /* ImageLoaderDTO.swift */,
			);
			path = CollectionView;
			sourceTree = "<group>";
		};
		C4D7FFF21F9B618F00EB06DA /* Gallery */ = {
			isa = PBXGroup;
			children = (
				C46ACA3C1F9E6BCB00F68451 /* EVOGalleryImageScrollView.swift */,
				C46ACA361F9E677000F68451 /* EVOGalleryCollectionViewCell.swift */,
				C46ACA371F9E677000F68451 /* EVOGalleryFlowLayout.swift */,
				C46ACA381F9E677000F68451 /* EVOGalleryViewController.swift */,
			);
			path = Gallery;
			sourceTree = "<group>";
		};
/* End PBXGroup section */

/* Begin PBXNativeTarget section */
		C4D7FFD31F9B609D00EB06DA /* EVOGallery */ = {
			isa = PBXNativeTarget;
			buildConfigurationList = C4D7FFE61F9B609D00EB06DA /* Build configuration list for PBXNativeTarget "EVOGallery" */;
			buildPhases = (
				C4D7FFD01F9B609D00EB06DA /* Sources */,
				C4D7FFD11F9B609D00EB06DA /* Frameworks */,
				C4D7FFD21F9B609D00EB06DA /* Resources */,
			);
			buildRules = (
			);
			dependencies = (
			);
			name = EVOGallery;
			productName = EVOGallery;
			productReference = C4D7FFD41F9B609D00EB06DA /* EVOGallery.app */;
			productType = "com.apple.product-type.application";
		};
/* End PBXNativeTarget section */

/* Begin PBXProject section */
		C4D7FFCC1F9B609D00EB06DA /* Project object */ = {
			isa = PBXProject;
			attributes = {
				LastSwiftUpdateCheck = 0900;
				LastUpgradeCheck = 0900;
				ORGANIZATIONNAME = "Костюкевич Илья";
				TargetAttributes = {
					C4D7FFD31F9B609D00EB06DA = {
						CreatedOnToolsVersion = 9.0.1;
						ProvisioningStyle = Automatic;
					};
				};
			};
			buildConfigurationList = C4D7FFCF1F9B609D00EB06DA /* Build configuration list for PBXProject "EVOGallery" */;
			compatibilityVersion = "Xcode 8.0";
			developmentRegion = en;
			hasScannedForEncodings = 0;
			knownRegions = (
				en,
				Base,
			);
			mainGroup = C4D7FFCB1F9B609D00EB06DA;
			productRefGroup = C4D7FFD51F9B609D00EB06DA /* Products */;
			projectDirPath = "";
			projectRoot = "";
			targets = (
				C4D7FFD31F9B609D00EB06DA /* EVOGallery */,
			);
		};
/* End PBXProject section */

/* Begin PBXResourcesBuildPhase section */
		C4D7FFD21F9B609D00EB06DA /* Resources */ = {
			isa = PBXResourcesBuildPhase;
			buildActionMask = 2147483647;
			files = (
				C4D7FFE21F9B609D00EB06DA /* LaunchScreen.storyboard in Resources */,
				C4D7FFDF1F9B609D00EB06DA /* Assets.xcassets in Resources */,
				C4D7FFDD1F9B609D00EB06DA /* Main.storyboard in Resources */,
			);
			runOnlyForDeploymentPostprocessing = 0;
		};
/* End PBXResourcesBuildPhase section */

/* Begin PBXSourcesBuildPhase section */
		C4D7FFD01F9B609D00EB06DA /* Sources */ = {
			isa = PBXSourcesBuildPhase;
			buildActionMask = 2147483647;
			files = (
				9514DDAF1FA1BD44000DAE15 /* EVOCameraFooterView.swift in Sources */,
				95BA2D7F1FA0B85500F8BDBE /* EVOCameraFocusView.swift in Sources */,
				C4D7FFF91F9B61B400EB06DA /* ImageLoaderDTO.swift in Sources */,
				9514DDAD1FA1B858000DAE15 /* EVOCameraHeaderView.swift in Sources */,
				9514DDB71FA20343000DAE15 /* EVOCameraOverlaysStyle.swift in Sources */,
				C46ACA3D1F9E6BCB00F68451 /* EVOGalleryImageScrollView.swift in Sources */,
				C4D7001B1F9B788100EB06DA /* TestCollectionViewCell.swift in Sources */,
				C46ACA391F9E677000F68451 /* EVOGalleryCollectionViewCell.swift in Sources */,
				C4D7FFFE1F9B61B400EB06DA /* AttachmentCollectionViewCell.swift in Sources */,
				C4D7FFDA1F9B609D00EB06DA /* ViewController.swift in Sources */,
				95230E611FAB502F00DE3A98 /* EVOCroperViewController.swift in Sources */,
				C46ACA3A1F9E677000F68451 /* EVOGalleryFlowLayout.swift in Sources */,
				C46ACA3B1F9E677000F68451 /* EVOGalleryViewController.swift in Sources */,
				C4D7000D1F9B620700EB06DA /* FooterView.swift in Sources */,
				95230E651FAB516300DE3A98 /* EVOCroperRectView.swift in Sources */,
				C4D7FFFD1F9B61B400EB06DA /* ImageLoaderCollectionView.swift in Sources */,
				95BA2D7D1F9F7BBE00F8BDBE /* EVOCameraViewController.swift in Sources */,
				C46ACA3F1F9E7A1100F68451 /* DemoGalleryCollectionViewController.swift in Sources */,
				C4D7FFD81F9B609D00EB06DA /* AppDelegate.swift in Sources */,
				C4D7FFFC1F9B61B400EB06DA /* AddAttachmentCollectionViewCell.swift in Sources */,
				C4D7000F1F9B620700EB06DA /* HeaderView.swift in Sources */,
				C4D7FFFA1F9B61B400EB06DA /* ImageLoaderCollectionViewCell.swift in Sources */,
			);
			runOnlyForDeploymentPostprocessing = 0;
		};
/* End PBXSourcesBuildPhase section */

/* Begin PBXVariantGroup section */
		C4D7FFDB1F9B609D00EB06DA /* Main.storyboard */ = {
			isa = PBXVariantGroup;
			children = (
				C4D7FFDC1F9B609D00EB06DA /* Base */,
			);
			name = Main.storyboard;
			sourceTree = "<group>";
		};
		C4D7FFE01F9B609D00EB06DA /* LaunchScreen.storyboard */ = {
			isa = PBXVariantGroup;
			children = (
				C4D7FFE11F9B609D00EB06DA /* Base */,
			);
			name = LaunchScreen.storyboard;
			sourceTree = "<group>";
		};
/* End PBXVariantGroup section */

/* Begin XCBuildConfiguration section */
		C4D7FFE41F9B609D00EB06DA /* Debug */ = {
			isa = XCBuildConfiguration;
			buildSettings = {
				ALWAYS_SEARCH_USER_PATHS = NO;
				CLANG_ANALYZER_NONNULL = YES;
				CLANG_ANALYZER_NUMBER_OBJECT_CONVERSION = YES_AGGRESSIVE;
				CLANG_CXX_LANGUAGE_STANDARD = "gnu++14";
				CLANG_CXX_LIBRARY = "libc++";
				CLANG_ENABLE_MODULES = YES;
				CLANG_ENABLE_OBJC_ARC = YES;
				CLANG_WARN_BLOCK_CAPTURE_AUTORELEASING = YES;
				CLANG_WARN_BOOL_CONVERSION = YES;
				CLANG_WARN_COMMA = YES;
				CLANG_WARN_CONSTANT_CONVERSION = YES;
				CLANG_WARN_DIRECT_OBJC_ISA_USAGE = YES_ERROR;
				CLANG_WARN_DOCUMENTATION_COMMENTS = YES;
				CLANG_WARN_EMPTY_BODY = YES;
				CLANG_WARN_ENUM_CONVERSION = YES;
				CLANG_WARN_INFINITE_RECURSION = YES;
				CLANG_WARN_INT_CONVERSION = YES;
				CLANG_WARN_NON_LITERAL_NULL_CONVERSION = YES;
				CLANG_WARN_OBJC_LITERAL_CONVERSION = YES;
				CLANG_WARN_OBJC_ROOT_CLASS = YES_ERROR;
				CLANG_WARN_RANGE_LOOP_ANALYSIS = YES;
				CLANG_WARN_STRICT_PROTOTYPES = YES;
				CLANG_WARN_SUSPICIOUS_MOVE = YES;
				CLANG_WARN_UNGUARDED_AVAILABILITY = YES_AGGRESSIVE;
				CLANG_WARN_UNREACHABLE_CODE = YES;
				CLANG_WARN__DUPLICATE_METHOD_MATCH = YES;
				CODE_SIGN_IDENTITY = "iPhone Developer";
				COPY_PHASE_STRIP = NO;
				DEBUG_INFORMATION_FORMAT = dwarf;
				ENABLE_STRICT_OBJC_MSGSEND = YES;
				ENABLE_TESTABILITY = YES;
				GCC_C_LANGUAGE_STANDARD = gnu11;
				GCC_DYNAMIC_NO_PIC = NO;
				GCC_NO_COMMON_BLOCKS = YES;
				GCC_OPTIMIZATION_LEVEL = 0;
				GCC_PREPROCESSOR_DEFINITIONS = (
					"DEBUG=1",
					"$(inherited)",
				);
				GCC_WARN_64_TO_32_BIT_CONVERSION = YES;
				GCC_WARN_ABOUT_RETURN_TYPE = YES_ERROR;
				GCC_WARN_UNDECLARED_SELECTOR = YES;
				GCC_WARN_UNINITIALIZED_AUTOS = YES_AGGRESSIVE;
				GCC_WARN_UNUSED_FUNCTION = YES;
				GCC_WARN_UNUSED_VARIABLE = YES;
				IPHONEOS_DEPLOYMENT_TARGET = 11.0;
				MTL_ENABLE_DEBUG_INFO = YES;
				ONLY_ACTIVE_ARCH = YES;
				SDKROOT = iphoneos;
				SWIFT_ACTIVE_COMPILATION_CONDITIONS = DEBUG;
				SWIFT_OPTIMIZATION_LEVEL = "-Onone";
			};
			name = Debug;
		};
		C4D7FFE51F9B609D00EB06DA /* Release */ = {
			isa = XCBuildConfiguration;
			buildSettings = {
				ALWAYS_SEARCH_USER_PATHS = NO;
				CLANG_ANALYZER_NONNULL = YES;
				CLANG_ANALYZER_NUMBER_OBJECT_CONVERSION = YES_AGGRESSIVE;
				CLANG_CXX_LANGUAGE_STANDARD = "gnu++14";
				CLANG_CXX_LIBRARY = "libc++";
				CLANG_ENABLE_MODULES = YES;
				CLANG_ENABLE_OBJC_ARC = YES;
				CLANG_WARN_BLOCK_CAPTURE_AUTORELEASING = YES;
				CLANG_WARN_BOOL_CONVERSION = YES;
				CLANG_WARN_COMMA = YES;
				CLANG_WARN_CONSTANT_CONVERSION = YES;
				CLANG_WARN_DIRECT_OBJC_ISA_USAGE = YES_ERROR;
				CLANG_WARN_DOCUMENTATION_COMMENTS = YES;
				CLANG_WARN_EMPTY_BODY = YES;
				CLANG_WARN_ENUM_CONVERSION = YES;
				CLANG_WARN_INFINITE_RECURSION = YES;
				CLANG_WARN_INT_CONVERSION = YES;
				CLANG_WARN_NON_LITERAL_NULL_CONVERSION = YES;
				CLANG_WARN_OBJC_LITERAL_CONVERSION = YES;
				CLANG_WARN_OBJC_ROOT_CLASS = YES_ERROR;
				CLANG_WARN_RANGE_LOOP_ANALYSIS = YES;
				CLANG_WARN_STRICT_PROTOTYPES = YES;
				CLANG_WARN_SUSPICIOUS_MOVE = YES;
				CLANG_WARN_UNGUARDED_AVAILABILITY = YES_AGGRESSIVE;
				CLANG_WARN_UNREACHABLE_CODE = YES;
				CLANG_WARN__DUPLICATE_METHOD_MATCH = YES;
				CODE_SIGN_IDENTITY = "iPhone Developer";
				COPY_PHASE_STRIP = NO;
				DEBUG_INFORMATION_FORMAT = "dwarf-with-dsym";
				ENABLE_NS_ASSERTIONS = NO;
				ENABLE_STRICT_OBJC_MSGSEND = YES;
				GCC_C_LANGUAGE_STANDARD = gnu11;
				GCC_NO_COMMON_BLOCKS = YES;
				GCC_WARN_64_TO_32_BIT_CONVERSION = YES;
				GCC_WARN_ABOUT_RETURN_TYPE = YES_ERROR;
				GCC_WARN_UNDECLARED_SELECTOR = YES;
				GCC_WARN_UNINITIALIZED_AUTOS = YES_AGGRESSIVE;
				GCC_WARN_UNUSED_FUNCTION = YES;
				GCC_WARN_UNUSED_VARIABLE = YES;
				IPHONEOS_DEPLOYMENT_TARGET = 11.0;
				MTL_ENABLE_DEBUG_INFO = NO;
				SDKROOT = iphoneos;
				SWIFT_OPTIMIZATION_LEVEL = "-Owholemodule";
				VALIDATE_PRODUCT = YES;
			};
			name = Release;
		};
		C4D7FFE71F9B609D00EB06DA /* Debug */ = {
			isa = XCBuildConfiguration;
			buildSettings = {
				ASSETCATALOG_COMPILER_APPICON_NAME = AppIcon;
				CODE_SIGN_STYLE = Automatic;
				DEVELOPMENT_TEAM = 29HPKUAB44;
				INFOPLIST_FILE = EVOGallery/Info.plist;
				LD_RUNPATH_SEARCH_PATHS = "$(inherited) @executable_path/Frameworks";
				PRODUCT_BUNDLE_IDENTIFIER = com.kostilal.EVOGallery;
				PRODUCT_NAME = "$(TARGET_NAME)";
				SWIFT_VERSION = 4.0;
				TARGETED_DEVICE_FAMILY = "1,2";
			};
			name = Debug;
		};
		C4D7FFE81F9B609D00EB06DA /* Release */ = {
			isa = XCBuildConfiguration;
			buildSettings = {
				ASSETCATALOG_COMPILER_APPICON_NAME = AppIcon;
				CODE_SIGN_STYLE = Automatic;
				DEVELOPMENT_TEAM = 29HPKUAB44;
				INFOPLIST_FILE = EVOGallery/Info.plist;
				LD_RUNPATH_SEARCH_PATHS = "$(inherited) @executable_path/Frameworks";
				PRODUCT_BUNDLE_IDENTIFIER = com.kostilal.EVOGallery;
				PRODUCT_NAME = "$(TARGET_NAME)";
				SWIFT_VERSION = 4.0;
				TARGETED_DEVICE_FAMILY = "1,2";
			};
			name = Release;
		};
/* End XCBuildConfiguration section */

/* Begin XCConfigurationList section */
		C4D7FFCF1F9B609D00EB06DA /* Build configuration list for PBXProject "EVOGallery" */ = {
			isa = XCConfigurationList;
			buildConfigurations = (
				C4D7FFE41F9B609D00EB06DA /* Debug */,
				C4D7FFE51F9B609D00EB06DA /* Release */,
			);
			defaultConfigurationIsVisible = 0;
			defaultConfigurationName = Release;
		};
		C4D7FFE61F9B609D00EB06DA /* Build configuration list for PBXNativeTarget "EVOGallery" */ = {
			isa = XCConfigurationList;
			buildConfigurations = (
				C4D7FFE71F9B609D00EB06DA /* Debug */,
				C4D7FFE81F9B609D00EB06DA /* Release */,
			);
			defaultConfigurationIsVisible = 0;
			defaultConfigurationName = Release;
		};
/* End XCConfigurationList section */
	};
	rootObject = C4D7FFCC1F9B609D00EB06DA /* Project object */;
}
